
Microsoft Visual Studio Solution File, Format Version 12.00
# Visual Studio Version 17
VisualStudioVersion = 17.14.36414.22 d17.14
MinimumVisualStudioVersion = 10.0.40219.1
Project("{FAE04EC0-301F-11D3-BF4B-00C04F79EFBC}") = "Task1", "Task1.csproj", "{F89038E8-4140-41B3-9684-68C2074D6F3B}"
EndProject
Global
	GlobalSection(SolutionConfigurationPlatforms) = preSolution
		Debug|Any CPU = Debug|Any CPU
		Release|Any CPU = Release|Any CPU
	EndGlobalSection
	GlobalSection(ProjectConfigurationPlatforms) = postSolution
		{F89038E8-4140-41B3-9684-68C2074D6F3B}.Debug|Any CPU.ActiveCfg = Debug|Any CPU
		{F89038E8-4140-41B3-9684-68C2074D6F3B}.Debug|Any CPU.Build.0 = Debug|Any CPU
		{F89038E8-4140-41B3-9684-68C2074D6F3B}.Release|Any CPU.ActiveCfg = Release|Any CPU
		{F89038E8-4140-41B3-9684-68C2074D6F3B}.Release|Any CPU.Build.0 = Release|Any CPU
	EndGlobalSection
	GlobalSection(SolutionProperties) = preSolution
		HideSolutionNode = FALSE
	EndGlobalSection
	GlobalSection(ExtensibilityGlobals) = postSolution
		SolutionGuid = {22BACA32-967A-4A0D-9204-EE3854A3579A}
	EndGlobalSection
EndGlobal
